
Microsoft Visual Studio Solution File, Format Version 12.00
# Visual Studio 15
VisualStudioVersion = 15.0.28307.572
MinimumVisualStudioVersion = 10.0.40219.1
Project("{8BC9CEB8-8B4A-11D0-8D11-00A0C91BC942}") = "tfl", "tfl\tfl.vcxproj", "{EC366237-8C41-4E9C-ABFF-9C03B7CC81B3}"
EndProject
Project("{FAE04EC0-301F-11D3-BF4B-00C04F79EFBC}") = "tlfSharp_sample", "tlfSharp_sample\tlfSharp_sample.csproj", "{33737152-AAEB-4967-B4E4-BB550FB0E8DC}"
EndProject
Project("{FAE04EC0-301F-11D3-BF4B-00C04F79EFBC}") = "tflSharp", "tflSharp\tflSharp.csproj", "{5E388F4A-F3D3-4FDC-97F2-67698199187D}"
EndProject
Global
	GlobalSection(SolutionConfigurationPlatforms) = preSolution
		Debug|Any CPU = Debug|Any CPU
		Debug|x64 = Debug|x64
		Debug|x86 = Debug|x86
		Release|Any CPU = Release|Any CPU
		Release|x64 = Release|x64
		Release|x86 = Release|x86
	EndGlobalSection
	GlobalSection(ProjectConfigurationPlatforms) = postSolution
		{EC366237-8C41-4E9C-ABFF-9C03B7CC81B3}.Debug|Any CPU.ActiveCfg = Debug|Win32
		{EC366237-8C41-4E9C-ABFF-9C03B7CC81B3}.Debug|x64.ActiveCfg = Debug|x64
		{EC366237-8C41-4E9C-ABFF-9C03B7CC81B3}.Debug|x64.Build.0 = Debug|x64
		{EC366237-8C41-4E9C-ABFF-9C03B7CC81B3}.Debug|x86.ActiveCfg = Debug|Win32
		{EC366237-8C41-4E9C-ABFF-9C03B7CC81B3}.Debug|x86.Build.0 = Debug|Win32
		{EC366237-8C41-4E9C-ABFF-9C03B7CC81B3}.Release|Any CPU.ActiveCfg = Release|Win32
		{EC366237-8C41-4E9C-ABFF-9C03B7CC81B3}.Release|x64.ActiveCfg = Release|x64
		{EC366237-8C41-4E9C-ABFF-9C03B7CC81B3}.Release|x64.Build.0 = Release|x64
		{EC366237-8C41-4E9C-ABFF-9C03B7CC81B3}.Release|x86.ActiveCfg = Release|x64
		{EC366237-8C41-4E9C-ABFF-9C03B7CC81B3}.Release|x86.Build.0 = Release|x64
		{33737152-AAEB-4967-B4E4-BB550FB0E8DC}.Debug|Any CPU.ActiveCfg = Debug|Any CPU
		{33737152-AAEB-4967-B4E4-BB550FB0E8DC}.Debug|Any CPU.Build.0 = Debug|Any CPU
		{33737152-AAEB-4967-B4E4-BB550FB0E8DC}.Debug|x64.ActiveCfg = Debug|Any CPU
		{33737152-AAEB-4967-B4E4-BB550FB0E8DC}.Debug|x64.Build.0 = Debug|Any CPU
		{33737152-AAEB-4967-B4E4-BB550FB0E8DC}.Debug|x86.ActiveCfg = Debug|Any CPU
		{33737152-AAEB-4967-B4E4-BB550FB0E8DC}.Debug|x86.Build.0 = Debug|Any CPU
		{33737152-AAEB-4967-B4E4-BB550FB0E8DC}.Release|Any CPU.ActiveCfg = Release|Any CPU
		{33737152-AAEB-4967-B4E4-BB550FB0E8DC}.Release|Any CPU.Build.0 = Release|Any CPU
		{33737152-AAEB-4967-B4E4-BB550FB0E8DC}.Release|x64.ActiveCfg = Release|x64
		{33737152-AAEB-4967-B4E4-BB550FB0E8DC}.Release|x64.Build.0 = Release|x64
		{33737152-AAEB-4967-B4E4-BB550FB0E8DC}.Release|x86.ActiveCfg = Release|x86
		{33737152-AAEB-4967-B4E4-BB550FB0E8DC}.Release|x86.Build.0 = Release|x86
		{5E388F4A-F3D3-4FDC-97F2-67698199187D}.Debug|Any CPU.ActiveCfg = Debug|Any CPU
		{5E388F4A-F3D3-4FDC-97F2-67698199187D}.Debug|Any CPU.Build.0 = Debug|Any CPU
		{5E388F4A-F3D3-4FDC-97F2-67698199187D}.Debug|x64.ActiveCfg = Debug|Any CPU
		{5E388F4A-F3D3-4FDC-97F2-67698199187D}.Debug|x64.Build.0 = Debug|Any CPU
		{5E388F4A-F3D3-4FDC-97F2-67698199187D}.Debug|x86.ActiveCfg = Debug|Any CPU
		{5E388F4A-F3D3-4FDC-97F2-67698199187D}.Debug|x86.Build.0 = Debug|Any CPU
		{5E388F4A-F3D3-4FDC-97F2-67698199187D}.Release|Any CPU.ActiveCfg = Release|Any CPU
		{5E388F4A-F3D3-4FDC-97F2-67698199187D}.Release|Any CPU.Build.0 = Release|Any CPU
		{5E388F4A-F3D3-4FDC-97F2-67698199187D}.Release|x64.ActiveCfg = Release|Any CPU
		{5E388F4A-F3D3-4FDC-97F2-67698199187D}.Release|x64.Build.0 = Release|Any CPU
		{5E388F4A-F3D3-4FDC-97F2-67698199187D}.Release|x86.ActiveCfg = Release|Any CPU
		{5E388F4A-F3D3-4FDC-97F2-67698199187D}.Release|x86.Build.0 = Release|Any CPU
	EndGlobalSection
	GlobalSection(SolutionProperties) = preSolution
		HideSolutionNode = FALSE
	EndGlobalSection
	GlobalSection(ExtensibilityGlobals) = postSolution
		SolutionGuid = {127F2B5C-741B-46FB-8952-E20BDBEE9475}
	EndGlobalSection
EndGlobal
